{
  "name": "vscode-avm-debug",
  "version": "0.1.0",
  "lockfileVersion": 3,
  "requires": true,
  "packages": {
    "": {
      "name": "vscode-avm-debug",
      "version": "0.1.0",
      "license": "MIT",
      "dependencies": {
        "@vscode/debugadapter": "^1.64.0",
        "algosdk": "github:jasonpaulos/js-algorand-sdk#teal-source-map-improvements",
        "await-notify": "^1.0.1",
        "json-bigint": "^1.0.0"
      },
      "devDependencies": {
        "@makerx/ts-config": "^1.0.1",
        "@types/vscode": "^1.66.0"
      },
      "engines": {
        "vscode": "^1.80.0"
      }
    },
    "node_modules/@makerx/ts-config": {
      "version": "1.0.1",
      "resolved": "https://registry.npmjs.org/@makerx/ts-config/-/ts-config-1.0.1.tgz",
      "integrity": "sha512-JHvErK0IPjyWkukJ0Bu6uPq0w1/XBCAelNCo4cM/vm/ybNATve8gzJ8dZx4e+1ubnL3PQumwOyuKkLV3AEfYLg==",
      "dev": true
    },
    "node_modules/@types/vscode": {
      "version": "1.80.0",
      "resolved": "https://registry.npmjs.org/@types/vscode/-/vscode-1.80.0.tgz",
      "integrity": "sha512-qK/CmOdS2o7ry3k6YqU4zD3R2AYlJfbwBoSbKpBoP+GpXNE+0NEgJOli4n0bm0diK5kfBnchgCEj4igQz/44Hg==",
      "dev": true
    },
    "node_modules/@vscode/debugadapter": {
      "version": "1.64.0",
      "resolved": "https://registry.npmjs.org/@vscode/debugadapter/-/debugadapter-1.64.0.tgz",
      "integrity": "sha512-XygE985qmNCzJExDnam4bErK6FG9Ck8S5TRPDNESwkt7i3OXqw5a3vYb7Dteyhz9YMEf7hwhFoT46Mjc45nJUg==",
      "dependencies": {
        "@vscode/debugprotocol": "1.64.0"
      },
      "engines": {
        "node": ">=14"
      }
    },
    "node_modules/@vscode/debugprotocol": {
      "version": "1.64.0",
      "resolved": "https://registry.npmjs.org/@vscode/debugprotocol/-/debugprotocol-1.64.0.tgz",
      "integrity": "sha512-Zhf3KvB+J04M4HPE2yCvEILGVtPixXUQMLBvx4QcAtjhc5lnwlZbbt80LCsZO2B+2BH8RMgVXk3QQ5DEzEne2Q=="
    },
    "node_modules/algo-msgpack-with-bigint": {
      "version": "2.1.1",
      "resolved": "https://registry.npmjs.org/algo-msgpack-with-bigint/-/algo-msgpack-with-bigint-2.1.1.tgz",
      "integrity": "sha512-F1tGh056XczEaEAqu7s+hlZUDWwOBT70Eq0lfMpBP2YguSQVyxRbprLq5rELXKQOyOaixTWYhMeMQMzP0U5FoQ==",
      "engines": {
        "node": ">= 10"
      }
    },
    "node_modules/algosdk": {
      "version": "2.6.0",
      "resolved": "git+ssh://git@github.com/jasonpaulos/js-algorand-sdk.git#327f33ca75dc7c931820844a674fe763f9b88a16",
      "license": "MIT",
      "dependencies": {
        "algo-msgpack-with-bigint": "^2.1.1",
        "hi-base32": "^0.5.1",
        "js-sha256": "^0.9.0",
        "js-sha3": "^0.8.0",
        "js-sha512": "^0.8.0",
        "json-bigint": "^1.0.0",
        "tweetnacl": "^1.0.3",
        "vlq": "^2.0.4"
      },
      "engines": {
        "node": ">=18.0.0"
      }
    },
    "node_modules/await-notify": {
      "version": "1.0.1",
      "resolved": "https://registry.npmjs.org/await-notify/-/await-notify-1.0.1.tgz",
      "integrity": "sha512-eT6XN2ycPKvuiffzUNmU0dnGmmLw+TexMW7UKOyf5utdVrWx14PR2acRIfy6ZfFWRAv8twt1X74VUgd9RnDmfQ=="
    },
    "node_modules/bignumber.js": {
      "version": "9.1.1",
      "resolved": "https://registry.npmjs.org/bignumber.js/-/bignumber.js-9.1.1.tgz",
      "integrity": "sha512-pHm4LsMJ6lzgNGVfZHjMoO8sdoRhOzOH4MLmY65Jg70bpxCKu5iOHNJyfF6OyvYw7t8Fpf35RuzUyqnQsj8Vig==",
      "engines": {
        "node": "*"
      }
    },
    "node_modules/hi-base32": {
      "version": "0.5.1",
      "resolved": "https://registry.npmjs.org/hi-base32/-/hi-base32-0.5.1.tgz",
      "integrity": "sha512-EmBBpvdYh/4XxsnUybsPag6VikPYnN30td+vQk+GI3qpahVEG9+gTkG0aXVxTjBqQ5T6ijbWIu77O+C5WFWsnA=="
    },
    "node_modules/js-sha256": {
      "version": "0.9.0",
      "resolved": "https://registry.npmjs.org/js-sha256/-/js-sha256-0.9.0.tgz",
      "integrity": "sha512-sga3MHh9sgQN2+pJ9VYZ+1LPwXOxuBJBA5nrR5/ofPfuiJBE2hnjsaN8se8JznOmGLN2p49Pe5U/ttafcs/apA=="
    },
    "node_modules/js-sha3": {
      "version": "0.8.0",
      "resolved": "https://registry.npmjs.org/js-sha3/-/js-sha3-0.8.0.tgz",
      "integrity": "sha512-gF1cRrHhIzNfToc802P800N8PpXS+evLLXfsVpowqmAFR9uwbi89WvXg2QspOmXL8QL86J4T1EpFu+yUkwJY3Q=="
    },
    "node_modules/js-sha512": {
      "version": "0.8.0",
      "resolved": "https://registry.npmjs.org/js-sha512/-/js-sha512-0.8.0.tgz",
      "integrity": "sha512-PWsmefG6Jkodqt+ePTvBZCSMFgN7Clckjd0O7su3I0+BW2QWUTJNzjktHsztGLhncP2h8mcF9V9Y2Ha59pAViQ=="
    },
    "node_modules/json-bigint": {
      "version": "1.0.0",
      "resolved": "https://registry.npmjs.org/json-bigint/-/json-bigint-1.0.0.tgz",
      "integrity": "sha512-SiPv/8VpZuWbvLSMtTDU8hEfrZWg/mH/nV/b4o0CYbSxu1UIQPLdwKOCIyLQX+VIPO5vrLX3i8qtqFyhdPSUSQ==",
      "dependencies": {
        "bignumber.js": "^9.0.0"
      }
    },
    "node_modules/tweetnacl": {
      "version": "1.0.3",
      "resolved": "https://registry.npmjs.org/tweetnacl/-/tweetnacl-1.0.3.tgz",
      "integrity": "sha512-6rt+RN7aOi1nGMyC4Xa5DdYiukl2UWCbcJft7YhxReBGQD7OAM8Pbxw6YMo4r2diNEA8FEmu32YOn9rhaiE5yw=="
    },
    "node_modules/vlq": {
      "version": "2.0.4",
      "resolved": "https://registry.npmjs.org/vlq/-/vlq-2.0.4.tgz",
      "integrity": "sha512-aodjPa2wPQFkra1G8CzJBTHXhgk3EVSwxSWXNPr1fgdFLUb8kvLV1iEb6rFgasIsjP82HWI6dsb5Io26DDnasA=="
    }
  }
}
